
Microsoft Visual Studio Solution File, Format Version 12.00
# Visual Studio Version 17
VisualStudioVersion = 17.12.35707.178
MinimumVisualStudioVersion = 10.0.40219.1
Project("{FAE04EC0-301F-11D3-BF4B-00C04F79EFBC}") = "call2owner", "call2owner\call2owner.csproj", "{0124FA8F-FD8F-4E30-9332-2A138F8FE3CE}"
EndProject
Project("{FAE04EC0-301F-11D3-BF4B-00C04F79EFBC}") = "Utilities", "Utilities\Utilities.csproj", "{4F4B8D4C-E326-4203-8157-ED9FBAAB8866}"
EndProject
Project("{FAE04EC0-301F-11D3-BF4B-00C04F79EFBC}") = "Call2Owner.API", "Call2Owner.API\Call2Owner.API.csproj", "{11C7BC5E-E1F1-44CC-85B7-B69A0CF76B47}"
EndProject
Project("{FAE04EC0-301F-11D3-BF4B-00C04F79EFBC}") = "Test", "..\ConsoleApp1\ConsoleApp1\Test.csproj", "{DF0E2763-6A7B-4124-9BC0-CCD631458BCB}"
EndProject
Global
	GlobalSection(SolutionConfigurationPlatforms) = preSolution
		Debug|Any CPU = Debug|Any CPU
		Release|Any CPU = Release|Any CPU
	EndGlobalSection
	GlobalSection(ProjectConfigurationPlatforms) = postSolution
		{0124FA8F-FD8F-4E30-9332-2A138F8FE3CE}.Debug|Any CPU.ActiveCfg = Debug|Any CPU
		{0124FA8F-FD8F-4E30-9332-2A138F8FE3CE}.Debug|Any CPU.Build.0 = Debug|Any CPU
		{0124FA8F-FD8F-4E30-9332-2A138F8FE3CE}.Release|Any CPU.ActiveCfg = Release|Any CPU
		{0124FA8F-FD8F-4E30-9332-2A138F8FE3CE}.Release|Any CPU.Build.0 = Release|Any CPU
		{4F4B8D4C-E326-4203-8157-ED9FBAAB8866}.Debug|Any CPU.ActiveCfg = Debug|Any CPU
		{4F4B8D4C-E326-4203-8157-ED9FBAAB8866}.Debug|Any CPU.Build.0 = Debug|Any CPU
		{4F4B8D4C-E326-4203-8157-ED9FBAAB8866}.Release|Any CPU.ActiveCfg = Release|Any CPU
		{4F4B8D4C-E326-4203-8157-ED9FBAAB8866}.Release|Any CPU.Build.0 = Release|Any CPU
		{11C7BC5E-E1F1-44CC-85B7-B69A0CF76B47}.Debug|Any CPU.ActiveCfg = Debug|Any CPU
		{11C7BC5E-E1F1-44CC-85B7-B69A0CF76B47}.Debug|Any CPU.Build.0 = Debug|Any CPU
		{11C7BC5E-E1F1-44CC-85B7-B69A0CF76B47}.Release|Any CPU.ActiveCfg = Release|Any CPU
		{11C7BC5E-E1F1-44CC-85B7-B69A0CF76B47}.Release|Any CPU.Build.0 = Release|Any CPU
		{DF0E2763-6A7B-4124-9BC0-CCD631458BCB}.Debug|Any CPU.ActiveCfg = Debug|Any CPU
		{DF0E2763-6A7B-4124-9BC0-CCD631458BCB}.Debug|Any CPU.Build.0 = Debug|Any CPU
		{DF0E2763-6A7B-4124-9BC0-CCD631458BCB}.Release|Any CPU.ActiveCfg = Release|Any CPU
		{DF0E2763-6A7B-4124-9BC0-CCD631458BCB}.Release|Any CPU.Build.0 = Release|Any CPU
	EndGlobalSection
	GlobalSection(SolutionProperties) = preSolution
		HideSolutionNode = FALSE
	EndGlobalSection
EndGlobal
